
Microsoft Visual Studio Solution File, Format Version 12.00
# Visual Studio Version 17
VisualStudioVersion = 17.9.34622.214
MinimumVisualStudioVersion = 10.0.40219.1
Project("{9A19103F-16F7-4668-BE54-9A1E7A4F7556}") = "Config_API", "Config_API\Config_API.csproj", "{02B62255-D988-4C5C-85EF-2566564D6CFE}"
EndProject
Project("{FAE04EC0-301F-11D3-BF4B-00C04F79EFBC}") = "UserManagement_API", "UserManagement_API\UserManagement_API.csproj", "{7D53295A-E469-4D9D-B094-DF4D454BB3FD}"
EndProject
Global
	GlobalSection(SolutionConfigurationPlatforms) = preSolution
		Debug|Any CPU = Debug|Any CPU
		Release|Any CPU = Release|Any CPU
	EndGlobalSection
	GlobalSection(ProjectConfigurationPlatforms) = postSolution
		{02B62255-D988-4C5C-85EF-2566564D6CFE}.Debug|Any CPU.ActiveCfg = Debug|Any CPU
		{02B62255-D988-4C5C-85EF-2566564D6CFE}.Debug|Any CPU.Build.0 = Debug|Any CPU
		{02B62255-D988-4C5C-85EF-2566564D6CFE}.Release|Any CPU.ActiveCfg = Release|Any CPU
		{02B62255-D988-4C5C-85EF-2566564D6CFE}.Release|Any CPU.Build.0 = Release|Any CPU
		{7D53295A-E469-4D9D-B094-DF4D454BB3FD}.Debug|Any CPU.ActiveCfg = Debug|Any CPU
		{7D53295A-E469-4D9D-B094-DF4D454BB3FD}.Debug|Any CPU.Build.0 = Debug|Any CPU
		{7D53295A-E469-4D9D-B094-DF4D454BB3FD}.Release|Any CPU.ActiveCfg = Release|Any CPU
		{7D53295A-E469-4D9D-B094-DF4D454BB3FD}.Release|Any CPU.Build.0 = Release|Any CPU
	EndGlobalSection
	GlobalSection(SolutionProperties) = preSolution
		HideSolutionNode = FALSE
	EndGlobalSection
	GlobalSection(ExtensibilityGlobals) = postSolution
		SolutionGuid = {E1B68F68-2637-4F21-AD23-5E149A9F902E}
	EndGlobalSection
EndGlobal
